
Microsoft Visual Studio Solution File, Format Version 12.00
# Visual Studio 15
VisualStudioVersion = 15.0.28307.168
MinimumVisualStudioVersion = 10.0.40219.1
Project("{FAE04EC0-301F-11D3-BF4B-00C04F79EFBC}") = "AracKiralama.WebApi", "AracKiralama.WebApi\AracKiralama.WebApi.csproj", "{DA675030-A3AC-41A9-8CF0-E3EF29AFB301}"
EndProject
Global
	GlobalSection(SolutionConfigurationPlatforms) = preSolution
		Debug|Any CPU = Debug|Any CPU
		Release|Any CPU = Release|Any CPU
	EndGlobalSection
	GlobalSection(ProjectConfigurationPlatforms) = postSolution
		{DA675030-A3AC-41A9-8CF0-E3EF29AFB301}.Debug|Any CPU.ActiveCfg = Debug|Any CPU
		{DA675030-A3AC-41A9-8CF0-E3EF29AFB301}.Debug|Any CPU.Build.0 = Debug|Any CPU
		{DA675030-A3AC-41A9-8CF0-E3EF29AFB301}.Release|Any CPU.ActiveCfg = Release|Any CPU
		{DA675030-A3AC-41A9-8CF0-E3EF29AFB301}.Release|Any CPU.Build.0 = Release|Any CPU
	EndGlobalSection
	GlobalSection(SolutionProperties) = preSolution
		HideSolutionNode = FALSE
	EndGlobalSection
	GlobalSection(ExtensibilityGlobals) = postSolution
		SolutionGuid = {552967A4-4B66-4F87-9D27-9F08B08A3969}
	EndGlobalSection
EndGlobal
