
Microsoft Visual Studio Solution File, Format Version 12.00
# Visual Studio 15
VisualStudioVersion = 15.0.28307.168
MinimumVisualStudioVersion = 10.0.40219.1
Project("{FAE04EC0-301F-11D3-BF4B-00C04F79EFBC}") = "AracKiralama.WebService", "AracKiralama.WebService\AracKiralama.WebService.csproj", "{64EE1146-F958-4804-97B4-AC6D8127F947}"
EndProject
Global
	GlobalSection(SolutionConfigurationPlatforms) = preSolution
		Debug|Any CPU = Debug|Any CPU
		Release|Any CPU = Release|Any CPU
	EndGlobalSection
	GlobalSection(ProjectConfigurationPlatforms) = postSolution
		{64EE1146-F958-4804-97B4-AC6D8127F947}.Debug|Any CPU.ActiveCfg = Debug|Any CPU
		{64EE1146-F958-4804-97B4-AC6D8127F947}.Debug|Any CPU.Build.0 = Debug|Any CPU
		{64EE1146-F958-4804-97B4-AC6D8127F947}.Release|Any CPU.ActiveCfg = Release|Any CPU
		{64EE1146-F958-4804-97B4-AC6D8127F947}.Release|Any CPU.Build.0 = Release|Any CPU
	EndGlobalSection
	GlobalSection(SolutionProperties) = preSolution
		HideSolutionNode = FALSE
	EndGlobalSection
	GlobalSection(ExtensibilityGlobals) = postSolution
		SolutionGuid = {C761F837-DFDB-44C4-A84C-C449B5E683EF}
	EndGlobalSection
EndGlobal
