
Microsoft Visual Studio Solution File, Format Version 12.00
# Visual Studio 15
VisualStudioVersion = 15.0.28307.168
MinimumVisualStudioVersion = 10.0.40219.1
Project("{FAE04EC0-301F-11D3-BF4B-00C04F79EFBC}") = "console", "console\console.csproj", "{08DDAE18-7B4E-4F66-A5A3-DA7C5D0D845F}"
EndProject
Global
	GlobalSection(SolutionConfigurationPlatforms) = preSolution
		Debug|Any CPU = Debug|Any CPU
		Release|Any CPU = Release|Any CPU
	EndGlobalSection
	GlobalSection(ProjectConfigurationPlatforms) = postSolution
		{08DDAE18-7B4E-4F66-A5A3-DA7C5D0D845F}.Debug|Any CPU.ActiveCfg = Debug|Any CPU
		{08DDAE18-7B4E-4F66-A5A3-DA7C5D0D845F}.Debug|Any CPU.Build.0 = Debug|Any CPU
		{08DDAE18-7B4E-4F66-A5A3-DA7C5D0D845F}.Release|Any CPU.ActiveCfg = Release|Any CPU
		{08DDAE18-7B4E-4F66-A5A3-DA7C5D0D845F}.Release|Any CPU.Build.0 = Release|Any CPU
	EndGlobalSection
	GlobalSection(SolutionProperties) = preSolution
		HideSolutionNode = FALSE
	EndGlobalSection
	GlobalSection(ExtensibilityGlobals) = postSolution
		SolutionGuid = {7BF9287F-2FA7-4088-A2CE-B827ED0B1BE1}
	EndGlobalSection
EndGlobal
